
Microsoft Visual Studio Solution File, Format Version 12.00
# Visual Studio Version 17
VisualStudioVersion = 17.13.35818.85
MinimumVisualStudioVersion = 10.0.40219.1
Project("{FAE04EC0-301F-11D3-BF4B-00C04F79EFBC}") = "ProductAPI", "ProductAPI\ProductAPI.csproj", "{88FED216-8B2C-4959-AFE0-67022C2F3E91}"
EndProject
Project("{FAE04EC0-301F-11D3-BF4B-00C04F79EFBC}") = "frontend", "frontend\frontend.csproj", "{16169776-E5B8-4E5F-8A62-6D8F4971D4EB}"
EndProject
Project("{E53339B2-1760-4266-BCC7-CA923CBCF16C}") = "docker-compose", "docker-compose.dcproj", "{81DDED9D-158B-E303-5F62-77A2896D2A5A}"
EndProject
Project("{2150E333-8FDC-42A3-9474-1A3956D46DE8}") = "kubernetes", "kubernetes", "{02EA681E-C7D8-13C7-8484-4AC65E1B71E8}"
	ProjectSection(SolutionItems) = preProject
		deployment.yaml = deployment.yaml
		service.yaml = service.yaml
	EndProjectSection
EndProject
Project("{FAE04EC0-301F-11D3-BF4B-00C04F79EFBC}") = "ProductAPI.Test", "..\ProductAPI.Test\ProductAPI.Test.csproj", "{B23DD799-0B19-485B-911F-DAF7FC902142}"
EndProject
Global
	GlobalSection(SolutionConfigurationPlatforms) = preSolution
		Debug|Any CPU = Debug|Any CPU
		Release|Any CPU = Release|Any CPU
	EndGlobalSection
	GlobalSection(ProjectConfigurationPlatforms) = postSolution
		{88FED216-8B2C-4959-AFE0-67022C2F3E91}.Debug|Any CPU.ActiveCfg = Debug|Any CPU
		{88FED216-8B2C-4959-AFE0-67022C2F3E91}.Debug|Any CPU.Build.0 = Debug|Any CPU
		{88FED216-8B2C-4959-AFE0-67022C2F3E91}.Release|Any CPU.ActiveCfg = Release|Any CPU
		{88FED216-8B2C-4959-AFE0-67022C2F3E91}.Release|Any CPU.Build.0 = Release|Any CPU
		{16169776-E5B8-4E5F-8A62-6D8F4971D4EB}.Debug|Any CPU.ActiveCfg = Debug|Any CPU
		{16169776-E5B8-4E5F-8A62-6D8F4971D4EB}.Debug|Any CPU.Build.0 = Debug|Any CPU
		{16169776-E5B8-4E5F-8A62-6D8F4971D4EB}.Release|Any CPU.ActiveCfg = Release|Any CPU
		{16169776-E5B8-4E5F-8A62-6D8F4971D4EB}.Release|Any CPU.Build.0 = Release|Any CPU
		{81DDED9D-158B-E303-5F62-77A2896D2A5A}.Debug|Any CPU.ActiveCfg = Debug|Any CPU
		{81DDED9D-158B-E303-5F62-77A2896D2A5A}.Debug|Any CPU.Build.0 = Debug|Any CPU
		{81DDED9D-158B-E303-5F62-77A2896D2A5A}.Release|Any CPU.ActiveCfg = Release|Any CPU
		{81DDED9D-158B-E303-5F62-77A2896D2A5A}.Release|Any CPU.Build.0 = Release|Any CPU
		{B23DD799-0B19-485B-911F-DAF7FC902142}.Debug|Any CPU.ActiveCfg = Debug|Any CPU
		{B23DD799-0B19-485B-911F-DAF7FC902142}.Debug|Any CPU.Build.0 = Debug|Any CPU
		{B23DD799-0B19-485B-911F-DAF7FC902142}.Release|Any CPU.ActiveCfg = Release|Any CPU
		{B23DD799-0B19-485B-911F-DAF7FC902142}.Release|Any CPU.Build.0 = Release|Any CPU
	EndGlobalSection
	GlobalSection(SolutionProperties) = preSolution
		HideSolutionNode = FALSE
	EndGlobalSection
	GlobalSection(ExtensibilityGlobals) = postSolution
		SolutionGuid = {A5A1250B-0FE9-4D8A-B33C-E4BB821F7721}
	EndGlobalSection
EndGlobal
